github.com/oktamicko/go-say-hello v1.0.0 h1:Fg9oPL17DuGPdTOLYDz484i0gURw/Dp+pWlY4qSPllQ=
github.com/oktamicko/go-say-hello v1.0.0/go.mod h1:HzDJNIijJBusEQ8CcoPdggm20HvPf8ckLEU/pMVrl1Q=
github.com/oktamicko/go-say-hello v1.5.0 h1:ZTKPOvi+Y2jg2m+wOPAqs+bce1Fk966oQBhSIEpjY2g=
github.com/oktamicko/go-say-hello v1.5.0/go.mod h1:HdM9ktxExG2toEO++IgDN+laC3O8PNeJFEz5e1tAapI=
github.com/oktamicko/go-say-hello/v2 v2.0.0 h1:2O+qFOvXri9K4fbuNNpUfiMY6gtQsN6joecHUe1gS4I=
github.com/oktamicko/go-say-hello/v2 v2.0.0/go.mod h1:mrX3p0DRLlWkcrnWNpqg2zj65RYpetIoWPHGw+5LTDQ=
